// !$*UTF8*$!
{
	archiveVersion = 1;
	classes = {
	};
	objectVersion = 46;
	objects = {

/* Begin PBXBuildFile section */
		A50FF8871B70D4CE007834FE /* AppDelegate.swift in Sources */ = {isa = PBXBuildFile; fileRef = A50FF8861B70D4CE007834FE /* AppDelegate.swift */; };
		A50FF88E1B70D4CE007834FE /* Assets.xcassets in Resources */ = {isa = PBXBuildFile; fileRef = A50FF88D1B70D4CE007834FE /* Assets.xcassets */; };
		A50FF8AE1B70D5E7007834FE /* LaunchScreen.storyboard in Resources */ = {isa = PBXBuildFile; fileRef = A50FF8A91B70D5E7007834FE /* LaunchScreen.storyboard */; };
		A532E479250BAD8C008E79C9 /* TimersView.swift in Sources */ = {isa = PBXBuildFile; fileRef = A532E478250BAD8C008E79C9 /* TimersView.swift */; };
		A54FDBFA1B76903F008CECFA /* Extends.swift in Sources */ = {isa = PBXBuildFile; fileRef = A54FDBF91B76903F008CECFA /* Extends.swift */; };
		A587DB7824FA68380066381A /* Countdown.swift in Sources */ = {isa = PBXBuildFile; fileRef = A587DB7724FA68380066381A /* Countdown.swift */; };
		A58FDAF624F8103C002608B4 /* EditView.swift in Sources */ = {isa = PBXBuildFile; fileRef = A58FDAF524F8103C002608B4 /* EditView.swift */; };
		A594905D250F7F7A00913102 /* AdaptiveSplitView.swift in Sources */ = {isa = PBXBuildFile; fileRef = A594905C250F7F7A00913102 /* AdaptiveSplitView.swift */; };
		A5A3CF4924BDD937008705AC /* OutputDelegate.swift in Sources */ = {isa = PBXBuildFile; fileRef = A5A3CF4824BDD937008705AC /* OutputDelegate.swift */; };
		A5C28C6424F92C03000B77EA /* Length.swift in Sources */ = {isa = PBXBuildFile; fileRef = A5C28C6324F92C03000B77EA /* Length.swift */; };
		A5C28C6624F94A9B000B77EA /* CountdownCell.swift in Sources */ = {isa = PBXBuildFile; fileRef = A5C28C6524F94A9B000B77EA /* CountdownCell.swift */; };
		A5D5252824B9FE7000207EE3 /* MainView.swift in Sources */ = {isa = PBXBuildFile; fileRef = A5D5251E24B9FE7000207EE3 /* MainView.swift */; };
		A5D5252924B9FE7000207EE3 /* Counter.swift in Sources */ = {isa = PBXBuildFile; fileRef = A5D5251F24B9FE7000207EE3 /* Counter.swift */; };
		A5D5252B24B9FE7000207EE3 /* CountdownView.swift in Sources */ = {isa = PBXBuildFile; fileRef = A5D5252124B9FE7000207EE3 /* CountdownView.swift */; };
		A5D5252D24B9FE7000207EE3 /* PhotoPicker.swift in Sources */ = {isa = PBXBuildFile; fileRef = A5D5252324B9FE7000207EE3 /* PhotoPicker.swift */; };
		A5D5252F24B9FE7000207EE3 /* AppearanceView.swift in Sources */ = {isa = PBXBuildFile; fileRef = A5D5252524B9FE7000207EE3 /* AppearanceView.swift */; };
		A5D5253024B9FE7000207EE3 /* Appearance.swift in Sources */ = {isa = PBXBuildFile; fileRef = A5D5252624B9FE7000207EE3 /* Appearance.swift */; };
		A5D5253124B9FE7000207EE3 /* CountoutApp.swift in Sources */ = {isa = PBXBuildFile; fileRef = A5D5252724B9FE7000207EE3 /* CountoutApp.swift */; };
/* End PBXBuildFile section */

/* Begin PBXFileReference section */
		A50FF8811B70D4CE007834FE /* Countout.app */ = {isa = PBXFileReference; explicitFileType = wrapper.application; includeInIndex = 0; path = Countout.app; sourceTree = BUILT_PRODUCTS_DIR; };
		A50FF8851B70D4CE007834FE /* Info.plist */ = {isa = PBXFileReference; lastKnownFileType = text.plist.xml; path = Info.plist; sourceTree = "<group>"; };
		A50FF8861B70D4CE007834FE /* AppDelegate.swift */ = {isa = PBXFileReference; lastKnownFileType = sourcecode.swift; path = AppDelegate.swift; sourceTree = "<group>"; };
		A50FF88D1B70D4CE007834FE /* Assets.xcassets */ = {isa = PBXFileReference; lastKnownFileType = folder.assetcatalog; path = Assets.xcassets; sourceTree = "<group>"; };
		A50FF8A91B70D5E7007834FE /* LaunchScreen.storyboard */ = {isa = PBXFileReference; fileEncoding = 4; lastKnownFileType = file.storyboard; path = LaunchScreen.storyboard; sourceTree = "<group>"; };
		A532E478250BAD8C008E79C9 /* TimersView.swift */ = {isa = PBXFileReference; lastKnownFileType = sourcecode.swift; path = TimersView.swift; sourceTree = "<group>"; };
		A54FDBF91B76903F008CECFA /* Extends.swift */ = {isa = PBXFileReference; fileEncoding = 4; lastKnownFileType = sourcecode.swift; path = Extends.swift; sourceTree = "<group>"; };
		A587DB7724FA68380066381A /* Countdown.swift */ = {isa = PBXFileReference; lastKnownFileType = sourcecode.swift; path = Countdown.swift; sourceTree = "<group>"; };
		A58FDAF524F8103C002608B4 /* EditView.swift */ = {isa = PBXFileReference; lastKnownFileType = sourcecode.swift; path = EditView.swift; sourceTree = "<group>"; };
		A594905C250F7F7A00913102 /* AdaptiveSplitView.swift */ = {isa = PBXFileReference; lastKnownFileType = sourcecode.swift; path = AdaptiveSplitView.swift; sourceTree = "<group>"; };
		A5A3CF4824BDD937008705AC /* OutputDelegate.swift */ = {isa = PBXFileReference; lastKnownFileType = sourcecode.swift; path = OutputDelegate.swift; sourceTree = "<group>"; };
		A5C28C6324F92C03000B77EA /* Length.swift */ = {isa = PBXFileReference; lastKnownFileType = sourcecode.swift; path = Length.swift; sourceTree = "<group>"; };
		A5C28C6524F94A9B000B77EA /* CountdownCell.swift */ = {isa = PBXFileReference; lastKnownFileType = sourcecode.swift; path = CountdownCell.swift; sourceTree = "<group>"; };
		A5D5251E24B9FE7000207EE3 /* MainView.swift */ = {isa = PBXFileReference; fileEncoding = 4; lastKnownFileType = sourcecode.swift; path = MainView.swift; sourceTree = "<group>"; };
		A5D5251F24B9FE7000207EE3 /* Counter.swift */ = {isa = PBXFileReference; fileEncoding = 4; lastKnownFileType = sourcecode.swift; path = Counter.swift; sourceTree = "<group>"; };
		A5D5252124B9FE7000207EE3 /* CountdownView.swift */ = {isa = PBXFileReference; fileEncoding = 4; lastKnownFileType = sourcecode.swift; path = CountdownView.swift; sourceTree = "<group>"; };
		A5D5252324B9FE7000207EE3 /* PhotoPicker.swift */ = {isa = PBXFileReference; fileEncoding = 4; lastKnownFileType = sourcecode.swift; path = PhotoPicker.swift; sourceTree = "<group>"; };
		A5D5252524B9FE7000207EE3 /* AppearanceView.swift */ = {isa = PBXFileReference; fileEncoding = 4; lastKnownFileType = sourcecode.swift; path = AppearanceView.swift; sourceTree = "<group>"; };
		A5D5252624B9FE7000207EE3 /* Appearance.swift */ = {isa = PBXFileReference; fileEncoding = 4; lastKnownFileType = sourcecode.swift; path = Appearance.swift; sourceTree = "<group>"; };
		A5D5252724B9FE7000207EE3 /* CountoutApp.swift */ = {isa = PBXFileReference; fileEncoding = 4; lastKnownFileType = sourcecode.swift; path = CountoutApp.swift; sourceTree = "<group>"; };
/* End PBXFileReference section */

/* Begin PBXFrameworksBuildPhase section */
		A50FF87E1B70D4CE007834FE /* Frameworks */ = {
			isa = PBXFrameworksBuildPhase;
			buildActionMask = 2147483647;
			files = (
			);
			runOnlyForDeploymentPostprocessing = 0;
		};
/* End PBXFrameworksBuildPhase section */

/* Begin PBXGroup section */
		A50FF8781B70D4CE007834FE = {
			isa = PBXGroup;
			children = (
				A5F38BDF242B6046006AFE0E /* Sources */,
				A5F38BE0242B6079006AFE0E /* Resources */,
				A50FF8821B70D4CE007834FE /* Products */,
			);
			sourceTree = "<group>";
		};
		A50FF8821B70D4CE007834FE /* Products */ = {
			isa = PBXGroup;
			children = (
				A50FF8811B70D4CE007834FE /* Countout.app */,
			);
			name = Products;
			sourceTree = "<group>";
		};
		A5A3CF4A24BDDF3C008705AC /* Delegates */ = {
			isa = PBXGroup;
			children = (
				A50FF8861B70D4CE007834FE /* AppDelegate.swift */,
				A5A3CF4824BDD937008705AC /* OutputDelegate.swift */,
			);
			path = Delegates;
			sourceTree = "<group>";
		};
		A5C1CBE71F83BEBB00B108F0 /* Models */ = {
			isa = PBXGroup;
			children = (
				A5D5251F24B9FE7000207EE3 /* Counter.swift */,
				A587DB7724FA68380066381A /* Countdown.swift */,
				A5D5252624B9FE7000207EE3 /* Appearance.swift */,
				A5C28C6324F92C03000B77EA /* Length.swift */,
			);
			path = Models;
			sourceTree = "<group>";
		};
		A5D5251D24B9FE5700207EE3 /* Views */ = {
			isa = PBXGroup;
			children = (
				A5D5251E24B9FE7000207EE3 /* MainView.swift */,
				A532E478250BAD8C008E79C9 /* TimersView.swift */,
				A5C28C6524F94A9B000B77EA /* CountdownCell.swift */,
				A58FDAF524F8103C002608B4 /* EditView.swift */,
				A5D5252124B9FE7000207EE3 /* CountdownView.swift */,
				A5D5252524B9FE7000207EE3 /* AppearanceView.swift */,
				A5D5252324B9FE7000207EE3 /* PhotoPicker.swift */,
			);
			path = Views;
			sourceTree = "<group>";
		};
		A5F38BDF242B6046006AFE0E /* Sources */ = {
			isa = PBXGroup;
			children = (
				A5D5252724B9FE7000207EE3 /* CountoutApp.swift */,
				A594905C250F7F7A00913102 /* AdaptiveSplitView.swift */,
				A54FDBF91B76903F008CECFA /* Extends.swift */,
				A5A3CF4A24BDDF3C008705AC /* Delegates */,
				A5D5251D24B9FE5700207EE3 /* Views */,
				A5C1CBE71F83BEBB00B108F0 /* Models */,
			);
			path = Sources;
			sourceTree = "<group>";
		};
		A5F38BE0242B6079006AFE0E /* Resources */ = {
			isa = PBXGroup;
			children = (
				A50FF8A91B70D5E7007834FE /* LaunchScreen.storyboard */,
				A50FF88D1B70D4CE007834FE /* Assets.xcassets */,
				A50FF8851B70D4CE007834FE /* Info.plist */,
			);
			path = Resources;
			sourceTree = "<group>";
		};
/* End PBXGroup section */

/* Begin PBXNativeTarget section */
		A50FF8801B70D4CE007834FE /* Countout */ = {
			isa = PBXNativeTarget;
			buildConfigurationList = A50FF8A01B70D4CE007834FE /* Build configuration list for PBXNativeTarget "Countout" */;
			buildPhases = (
				A50FF87D1B70D4CE007834FE /* Sources */,
				A50FF87E1B70D4CE007834FE /* Frameworks */,
				A50FF87F1B70D4CE007834FE /* Resources */,
			);
			buildRules = (
			);
			dependencies = (
			);
			name = Countout;
			productName = Countout;
			productReference = A50FF8811B70D4CE007834FE /* Countout.app */;
			productType = "com.apple.product-type.application";
		};
/* End PBXNativeTarget section */

/* Begin PBXProject section */
		A50FF8791B70D4CE007834FE /* Project object */ = {
			isa = PBXProject;
			attributes = {
				LastSwiftMigration = 0700;
				LastSwiftUpdateCheck = 0700;
				LastUpgradeCheck = 1000;
				ORGANIZATIONNAME = pixlwave;
				TargetAttributes = {
					A50FF8801B70D4CE007834FE = {
						CreatedOnToolsVersion = 6.4;
						DevelopmentTeam = NU8A5Y875P;
						LastSwiftMigration = 1020;
					};
				};
			};
			buildConfigurationList = A50FF87C1B70D4CE007834FE /* Build configuration list for PBXProject "Countout" */;
			compatibilityVersion = "Xcode 3.2";
			developmentRegion = en;
			hasScannedForEncodings = 0;
			knownRegions = (
				en,
				Base,
			);
			mainGroup = A50FF8781B70D4CE007834FE;
			productRefGroup = A50FF8821B70D4CE007834FE /* Products */;
			projectDirPath = "";
			projectRoot = "";
			targets = (
				A50FF8801B70D4CE007834FE /* Countout */,
			);
		};
/* End PBXProject section */

/* Begin PBXResourcesBuildPhase section */
		A50FF87F1B70D4CE007834FE /* Resources */ = {
			isa = PBXResourcesBuildPhase;
			buildActionMask = 2147483647;
			files = (
				A50FF88E1B70D4CE007834FE /* Assets.xcassets in Resources */,
				A50FF8AE1B70D5E7007834FE /* LaunchScreen.storyboard in Resources */,
			);
			runOnlyForDeploymentPostprocessing = 0;
		};
/* End PBXResourcesBuildPhase section */

/* Begin PBXSourcesBuildPhase section */
		A50FF87D1B70D4CE007834FE /* Sources */ = {
			isa = PBXSourcesBuildPhase;
			buildActionMask = 2147483647;
			files = (
				A5D5252D24B9FE7000207EE3 /* PhotoPicker.swift in Sources */,
				A5A3CF4924BDD937008705AC /* OutputDelegate.swift in Sources */,
				A5D5252824B9FE7000207EE3 /* MainView.swift in Sources */,
				A594905D250F7F7A00913102 /* AdaptiveSplitView.swift in Sources */,
				A5D5253024B9FE7000207EE3 /* Appearance.swift in Sources */,
				A5C28C6424F92C03000B77EA /* Length.swift in Sources */,
				A5D5252924B9FE7000207EE3 /* Counter.swift in Sources */,
				A58FDAF624F8103C002608B4 /* EditView.swift in Sources */,
				A5D5253124B9FE7000207EE3 /* CountoutApp.swift in Sources */,
				A50FF8871B70D4CE007834FE /* AppDelegate.swift in Sources */,
				A587DB7824FA68380066381A /* Countdown.swift in Sources */,
				A5D5252B24B9FE7000207EE3 /* CountdownView.swift in Sources */,
				A5D5252F24B9FE7000207EE3 /* AppearanceView.swift in Sources */,
				A54FDBFA1B76903F008CECFA /* Extends.swift in Sources */,
				A5C28C6624F94A9B000B77EA /* CountdownCell.swift in Sources */,
				A532E479250BAD8C008E79C9 /* TimersView.swift in Sources */,
			);
			runOnlyForDeploymentPostprocessing = 0;
		};
/* End PBXSourcesBuildPhase section */

/* Begin XCBuildConfiguration section */
		A50FF89E1B70D4CE007834FE /* Debug */ = {
			isa = XCBuildConfiguration;
			buildSettings = {
				ALWAYS_SEARCH_USER_PATHS = NO;
				CLANG_CXX_LANGUAGE_STANDARD = "gnu++0x";
				CLANG_CXX_LIBRARY = "libc++";
				CLANG_ENABLE_MODULES = YES;
				CLANG_ENABLE_OBJC_ARC = YES;
				CLANG_WARN_BLOCK_CAPTURE_AUTORELEASING = YES;
				CLANG_WARN_BOOL_CONVERSION = YES;
				CLANG_WARN_COMMA = YES;
				CLANG_WARN_CONSTANT_CONVERSION = YES;
				CLANG_WARN_DEPRECATED_OBJC_IMPLEMENTATIONS = YES;
				CLANG_WARN_DIRECT_OBJC_ISA_USAGE = YES_ERROR;
				CLANG_WARN_EMPTY_BODY = YES;
				CLANG_WARN_ENUM_CONVERSION = YES;
				CLANG_WARN_INFINITE_RECURSION = YES;
				CLANG_WARN_INT_CONVERSION = YES;
				CLANG_WARN_NON_LITERAL_NULL_CONVERSION = YES;
				CLANG_WARN_OBJC_IMPLICIT_RETAIN_SELF = YES;
				CLANG_WARN_OBJC_LITERAL_CONVERSION = YES;
				CLANG_WARN_OBJC_ROOT_CLASS = YES_ERROR;
				CLANG_WARN_RANGE_LOOP_ANALYSIS = YES;
				CLANG_WARN_STRICT_PROTOTYPES = YES;
				CLANG_WARN_SUSPICIOUS_MOVE = YES;
				CLANG_WARN_UNREACHABLE_CODE = YES;
				CLANG_WARN__DUPLICATE_METHOD_MATCH = YES;
				"CODE_SIGN_IDENTITY[sdk=iphoneos*]" = "iPhone Developer";
				COPY_PHASE_STRIP = NO;
				DEBUG_INFORMATION_FORMAT = "dwarf-with-dsym";
				ENABLE_STRICT_OBJC_MSGSEND = YES;
				ENABLE_TESTABILITY = YES;
				GCC_C_LANGUAGE_STANDARD = gnu99;
				GCC_DYNAMIC_NO_PIC = NO;
				GCC_NO_COMMON_BLOCKS = YES;
				GCC_OPTIMIZATION_LEVEL = 0;
				GCC_PREPROCESSOR_DEFINITIONS = (
					"DEBUG=1",
					"$(inherited)",
				);
				GCC_SYMBOLS_PRIVATE_EXTERN = NO;
				GCC_WARN_64_TO_32_BIT_CONVERSION = YES;
				GCC_WARN_ABOUT_RETURN_TYPE = YES_ERROR;
				GCC_WARN_UNDECLARED_SELECTOR = YES;
				GCC_WARN_UNINITIALIZED_AUTOS = YES_AGGRESSIVE;
				GCC_WARN_UNUSED_FUNCTION = YES;
				GCC_WARN_UNUSED_VARIABLE = YES;
				IPHONEOS_DEPLOYMENT_TARGET = 8.4;
				MTL_ENABLE_DEBUG_INFO = YES;
				ONLY_ACTIVE_ARCH = YES;
				SDKROOT = iphoneos;
				SWIFT_OPTIMIZATION_LEVEL = "-Onone";
				TARGETED_DEVICE_FAMILY = "1,2";
			};
			name = Debug;
		};
		A50FF89F1B70D4CE007834FE /* Release */ = {
			isa = XCBuildConfiguration;
			buildSettings = {
				ALWAYS_SEARCH_USER_PATHS = NO;
				CLANG_CXX_LANGUAGE_STANDARD = "gnu++0x";
				CLANG_CXX_LIBRARY = "libc++";
				CLANG_ENABLE_MODULES = YES;
				CLANG_ENABLE_OBJC_ARC = YES;
				CLANG_WARN_BLOCK_CAPTURE_AUTORELEASING = YES;
				CLANG_WARN_BOOL_CONVERSION = YES;
				CLANG_WARN_COMMA = YES;
				CLANG_WARN_CONSTANT_CONVERSION = YES;
				CLANG_WARN_DEPRECATED_OBJC_IMPLEMENTATIONS = YES;
				CLANG_WARN_DIRECT_OBJC_ISA_USAGE = YES_ERROR;
				CLANG_WARN_EMPTY_BODY = YES;
				CLANG_WARN_ENUM_CONVERSION = YES;
				CLANG_WARN_INFINITE_RECURSION = YES;
				CLANG_WARN_INT_CONVERSION = YES;
				CLANG_WARN_NON_LITERAL_NULL_CONVERSION = YES;
				CLANG_WARN_OBJC_IMPLICIT_RETAIN_SELF = YES;
				CLANG_WARN_OBJC_LITERAL_CONVERSION = YES;
				CLANG_WARN_OBJC_ROOT_CLASS = YES_ERROR;
				CLANG_WARN_RANGE_LOOP_ANALYSIS = YES;
				CLANG_WARN_STRICT_PROTOTYPES = YES;
				CLANG_WARN_SUSPICIOUS_MOVE = YES;
				CLANG_WARN_UNREACHABLE_CODE = YES;
				CLANG_WARN__DUPLICATE_METHOD_MATCH = YES;
				"CODE_SIGN_IDENTITY[sdk=iphoneos*]" = "iPhone Developer";
				COPY_PHASE_STRIP = NO;
				DEBUG_INFORMATION_FORMAT = "dwarf-with-dsym";
				ENABLE_NS_ASSERTIONS = NO;
				ENABLE_STRICT_OBJC_MSGSEND = YES;
				GCC_C_LANGUAGE_STANDARD = gnu99;
				GCC_NO_COMMON_BLOCKS = YES;
				GCC_WARN_64_TO_32_BIT_CONVERSION = YES;
				GCC_WARN_ABOUT_RETURN_TYPE = YES_ERROR;
				GCC_WARN_UNDECLARED_SELECTOR = YES;
				GCC_WARN_UNINITIALIZED_AUTOS = YES_AGGRESSIVE;
				GCC_WARN_UNUSED_FUNCTION = YES;
				GCC_WARN_UNUSED_VARIABLE = YES;
				IPHONEOS_DEPLOYMENT_TARGET = 8.4;
				MTL_ENABLE_DEBUG_INFO = NO;
				SDKROOT = iphoneos;
				SWIFT_OPTIMIZATION_LEVEL = "-Owholemodule";
				TARGETED_DEVICE_FAMILY = "1,2";
				VALIDATE_PRODUCT = YES;
			};
			name = Release;
		};
		A50FF8A11B70D4CE007834FE /* Debug */ = {
			isa = XCBuildConfiguration;
			buildSettings = {
				ASSETCATALOG_COMPILER_APPICON_NAME = AppIcon;
				CODE_SIGN_IDENTITY = "iPhone Developer";
				CURRENT_PROJECT_VERSION = 17;
				DEVELOPMENT_TEAM = NU8A5Y875P;
				INFOPLIST_FILE = Resources/Info.plist;
				IPHONEOS_DEPLOYMENT_TARGET = 14.0;
				LD_RUNPATH_SEARCH_PATHS = "$(inherited) @executable_path/Frameworks";
				MARKETING_VERSION = 1.9.9;
				PRODUCT_BUNDLE_IDENTIFIER = "uk.pixlwave.$(PRODUCT_NAME:rfc1034identifier)";
				PRODUCT_NAME = "$(TARGET_NAME)";
				SWIFT_VERSION = 5.0;
			};
			name = Debug;
		};
		A50FF8A21B70D4CE007834FE /* Release */ = {
			isa = XCBuildConfiguration;
			buildSettings = {
				ASSETCATALOG_COMPILER_APPICON_NAME = AppIcon;
				CODE_SIGN_IDENTITY = "iPhone Developer";
				CURRENT_PROJECT_VERSION = 17;
				DEVELOPMENT_TEAM = NU8A5Y875P;
				INFOPLIST_FILE = Resources/Info.plist;
				IPHONEOS_DEPLOYMENT_TARGET = 14.0;
				LD_RUNPATH_SEARCH_PATHS = "$(inherited) @executable_path/Frameworks";
				MARKETING_VERSION = 1.9.9;
				PRODUCT_BUNDLE_IDENTIFIER = "uk.pixlwave.$(PRODUCT_NAME:rfc1034identifier)";
				PRODUCT_NAME = "$(TARGET_NAME)";
				SWIFT_VERSION = 5.0;
			};
			name = Release;
		};
/* End XCBuildConfiguration section */

/* Begin XCConfigurationList section */
		A50FF87C1B70D4CE007834FE /* Build configuration list for PBXProject "Countout" */ = {
			isa = XCConfigurationList;
			buildConfigurations = (
				A50FF89E1B70D4CE007834FE /* Debug */,
				A50FF89F1B70D4CE007834FE /* Release */,
			);
			defaultConfigurationIsVisible = 0;
			defaultConfigurationName = Release;
		};
		A50FF8A01B70D4CE007834FE /* Build configuration list for PBXNativeTarget "Countout" */ = {
			isa = XCConfigurationList;
			buildConfigurations = (
				A50FF8A11B70D4CE007834FE /* Debug */,
				A50FF8A21B70D4CE007834FE /* Release */,
			);
			defaultConfigurationIsVisible = 0;
			defaultConfigurationName = Release;
		};
/* End XCConfigurationList section */
	};
	rootObject = A50FF8791B70D4CE007834FE /* Project object */;
}
